{
  "name": "校園凌制零前端",
  "lockfileVersion": 3,
  "requires": true,
  "packages": {
    "": {
      "dependencies": {
        "wordcloud2": "^1.0.0"
      }
    },
    "node_modules/wordcloud2": {
      "version": "1.0.0",
      "resolved": "https://registry.npmjs.org/wordcloud2/-/wordcloud2-1.0.0.tgz",
      "integrity": "sha512-j3tpY4BfCM9gr5mhkAridY3lsY2etT1uWeZKzLpfqygkT8GPX4s+ArLq1b2ve9MtPeII2UyD8v2cVPI/h5v7Pw==",
      "license": "ISC"
    }
  }
}
